
Microsoft Visual Studio Solution File, Format Version 12.00
# Visual Studio 15
VisualStudioVersion = 15.0.27703.2047
MinimumVisualStudioVersion = 10.0.40219.1
Project("{9A19103F-16F7-4668-BE54-9A1E7A4F7556}") = "MadDroid.Helpers", "MadDroid.Helpers\MadDroid.Helpers.csproj", "{D1C7D6A0-560D-43DA-B916-56706F1E9EDF}"
EndProject
Project("{9A19103F-16F7-4668-BE54-9A1E7A4F7556}") = "MadDroid.Tests", "MadDroid.Tests\MadDroid.Tests.csproj", "{D0EBCC64-8352-4065-9AFE-D1CD3B43D63D}"
EndProject
Project("{9A19103F-16F7-4668-BE54-9A1E7A4F7556}") = "MadDroid.Commands", "MadDroid.Commands\MadDroid.Commands.csproj", "{8223AEC6-D2CF-4F60-B673-98FC79E530C9}"
EndProject
Project("{FAE04EC0-301F-11D3-BF4B-00C04F79EFBC}") = "MadDroid.DependencyInjection", "MadDroid.DependencyInjection\MadDroid.DependencyInjection.csproj", "{C9CE6B1E-3C8E-4365-82D9-3F2A11A9BDBF}"
EndProject
Global
	GlobalSection(SolutionConfigurationPlatforms) = preSolution
		Debug|Any CPU = Debug|Any CPU
		Release|Any CPU = Release|Any CPU
	EndGlobalSection
	GlobalSection(ProjectConfigurationPlatforms) = postSolution
		{D1C7D6A0-560D-43DA-B916-56706F1E9EDF}.Debug|Any CPU.ActiveCfg = Debug|Any CPU
		{D1C7D6A0-560D-43DA-B916-56706F1E9EDF}.Debug|Any CPU.Build.0 = Debug|Any CPU
		{D1C7D6A0-560D-43DA-B916-56706F1E9EDF}.Release|Any CPU.ActiveCfg = Release|Any CPU
		{D1C7D6A0-560D-43DA-B916-56706F1E9EDF}.Release|Any CPU.Build.0 = Release|Any CPU
		{D0EBCC64-8352-4065-9AFE-D1CD3B43D63D}.Debug|Any CPU.ActiveCfg = Debug|Any CPU
		{D0EBCC64-8352-4065-9AFE-D1CD3B43D63D}.Debug|Any CPU.Build.0 = Debug|Any CPU
		{D0EBCC64-8352-4065-9AFE-D1CD3B43D63D}.Release|Any CPU.ActiveCfg = Release|Any CPU
		{D0EBCC64-8352-4065-9AFE-D1CD3B43D63D}.Release|Any CPU.Build.0 = Release|Any CPU
		{8223AEC6-D2CF-4F60-B673-98FC79E530C9}.Debug|Any CPU.ActiveCfg = Debug|Any CPU
		{8223AEC6-D2CF-4F60-B673-98FC79E530C9}.Debug|Any CPU.Build.0 = Debug|Any CPU
		{8223AEC6-D2CF-4F60-B673-98FC79E530C9}.Release|Any CPU.ActiveCfg = Release|Any CPU
		{8223AEC6-D2CF-4F60-B673-98FC79E530C9}.Release|Any CPU.Build.0 = Release|Any CPU
		{C9CE6B1E-3C8E-4365-82D9-3F2A11A9BDBF}.Debug|Any CPU.ActiveCfg = Debug|Any CPU
		{C9CE6B1E-3C8E-4365-82D9-3F2A11A9BDBF}.Debug|Any CPU.Build.0 = Debug|Any CPU
		{C9CE6B1E-3C8E-4365-82D9-3F2A11A9BDBF}.Release|Any CPU.ActiveCfg = Release|Any CPU
		{C9CE6B1E-3C8E-4365-82D9-3F2A11A9BDBF}.Release|Any CPU.Build.0 = Release|Any CPU
	EndGlobalSection
	GlobalSection(SolutionProperties) = preSolution
		HideSolutionNode = FALSE
	EndGlobalSection
	GlobalSection(ExtensibilityGlobals) = postSolution
		SolutionGuid = {C214B0D9-A120-469C-9548-5752273449DE}
	EndGlobalSection
EndGlobal
